
Microsoft Visual Studio Solution File, Format Version 12.00
# Visual Studio 15
VisualStudioVersion = 15.0.28010.2036
MinimumVisualStudioVersion = 10.0.40219.1
Project("{FAE04EC0-301F-11D3-BF4B-00C04F79EFBC}") = "PalindromeApp", "PalindromeApp\PalindromeApp.csproj", "{24D385B9-E6A0-4991-B526-B14143B851C7}"
EndProject
Global
	GlobalSection(SolutionConfigurationPlatforms) = preSolution
		Debug|Any CPU = Debug|Any CPU
		Release|Any CPU = Release|Any CPU
	EndGlobalSection
	GlobalSection(ProjectConfigurationPlatforms) = postSolution
		{24D385B9-E6A0-4991-B526-B14143B851C7}.Debug|Any CPU.ActiveCfg = Debug|Any CPU
		{24D385B9-E6A0-4991-B526-B14143B851C7}.Debug|Any CPU.Build.0 = Debug|Any CPU
		{24D385B9-E6A0-4991-B526-B14143B851C7}.Release|Any CPU.ActiveCfg = Release|Any CPU
		{24D385B9-E6A0-4991-B526-B14143B851C7}.Release|Any CPU.Build.0 = Release|Any CPU
	EndGlobalSection
	GlobalSection(SolutionProperties) = preSolution
		HideSolutionNode = FALSE
	EndGlobalSection
	GlobalSection(ExtensibilityGlobals) = postSolution
		SolutionGuid = {F036C505-79E1-46D6-A891-562ED11348CF}
	EndGlobalSection
EndGlobal
